<?xml version="1.0" encoding="utf-8"?>
<Project ToolsVersion="4.0" xmlns="http://schemas.microsoft.com/developer/msbuild/2003">
  <ItemGroup>
    <Filter Include="Source">
      <UniqueIdentifier>{2f336295-d7e4-4d00-9bcf-04e19cb0b27e}</UniqueIdentifier>
    </Filter>
    <Filter Include="Source\Private">
      <UniqueIdentifier>{4FC737F1-C7A5-4376-A066-2A32D752A2FF}</UniqueIdentifier>
      <Extensions>cpp;c;cc;cxx;c++;cppm;ixx;def;odl;idl;hpj;bat;asm;asmx</Extensions>
    </Filter>
    <Filter Include="Source\Public">
      <UniqueIdentifier>{93995380-89BD-4b04-88EB-625FBE52EBFB}</UniqueIdentifier>
      <Extensions>h;hh;hpp;hxx;h++;hm;inl;inc;ipp;xsd</Extensions>
    </Filter>
    <Filter Include="Resources">
      <UniqueIdentifier>{67DA6AB6-F800-4c08-8B7A-83BB121AAD01}</UniqueIdentifier>
      <Extensions>rc;ico;cur;bmp;dlg;rc2;rct;bin;rgs;gif;jpg;jpeg;jpe;resx;tiff;tif;png;wav;mfcribbon-ms</Extensions>
    </Filter>
    <Filter Include="Source\Shader">
      <UniqueIdentifier>{92396a82-c552-485a-9325-a0437bdbc6da}</UniqueIdentifier>
    </Filter>
    <Filter Include="Source\Public\Bindable">
      <UniqueIdentifier>{83635ef7-1ce1-4c74-bf62-b05fe31bf0e5}</UniqueIdentifier>
    </Filter>
    <Filter Include="Source\Public\Drawable">
      <UniqueIdentifier>{232b771c-98f1-4e5e-845a-4ca892503e47}</UniqueIdentifier>
    </Filter>
    <Filter Include="Source\Private\Bindable">
      <UniqueIdentifier>{0a0d419f-182b-49e4-8f57-ea76ea7e8001}</UniqueIdentifier>
    </Filter>
    <Filter Include="Source\Private\Drawable">
      <UniqueIdentifier>{58266e8e-4910-4628-aeef-b078260169b8}</UniqueIdentifier>
    </Filter>
  </ItemGroup>
  <ItemGroup>
    <ClCompile Include="Source\Private\WindowsMessageMap.cpp">
      <Filter>Source\Private</Filter>
    </ClCompile>
    <ClCompile Include="Source\Private\Window.cpp">
      <Filter>Source\Private</Filter>
    </ClCompile>
    <ClCompile Include="Source\Private\HandleException.cpp">
      <Filter>Source\Private</Filter>
    </ClCompile>
    <ClCompile Include="Source\Private\WinMain.cpp">
      <Filter>Source\Private</Filter>
    </ClCompile>
    <ClCompile Include="Source\Private\Keyboard.cpp">
      <Filter>Source\Private</Filter>
    </ClCompile>
    <ClCompile Include="Source\Private\Mouse.cpp">
      <Filter>Source\Private</Filter>
    </ClCompile>
    <ClCompile Include="Source\Private\App.cpp">
      <Filter>Source\Private</Filter>
    </ClCompile>
    <ClCompile Include="Source\Private\Timer.cpp">
      <Filter>Source\Private</Filter>
    </ClCompile>
    <ClCompile Include="Source\Private\Graphics.cpp">
      <Filter>Source\Private</Filter>
    </ClCompile>
    <ClCompile Include="Source\Private\Bindable\Bindable.cpp">
      <Filter>Source\Private\Bindable</Filter>
    </ClCompile>
    <ClCompile Include="Source\Private\Drawable\Drawable.cpp">
      <Filter>Source\Private\Drawable</Filter>
    </ClCompile>
  </ItemGroup>
  <ItemGroup>
    <ClInclude Include="Source\Public\WindowsMessageMap.h">
      <Filter>Source\Public</Filter>
    </ClInclude>
    <ClInclude Include="Source\Public\CustomHeaders.h">
      <Filter>Source\Public</Filter>
    </ClInclude>
    <ClInclude Include="Source\Public\Window.h">
      <Filter>Source\Public</Filter>
    </ClInclude>
    <ClInclude Include="Source\Public\HandleException.h">
      <Filter>Source\Public</Filter>
    </ClInclude>
    <ClInclude Include="Source\Public\resource1.h">
      <Filter>Source\Public</Filter>
    </ClInclude>
    <ClInclude Include="Source\Public\Keyboard.h">
      <Filter>Source\Public</Filter>
    </ClInclude>
    <ClInclude Include="Source\Public\Mouse.h">
      <Filter>Source\Public</Filter>
    </ClInclude>
    <ClInclude Include="Source\Public\App.h">
      <Filter>Source\Public</Filter>
    </ClInclude>
    <ClInclude Include="Source\Public\Timer.h">
      <Filter>Source\Public</Filter>
    </ClInclude>
    <ClInclude Include="Source\Public\Graphics.h">
      <Filter>Source\Public</Filter>
    </ClInclude>
    <ClInclude Include="Source\Public\Bindable\Bindable.h">
      <Filter>Source\Public\Bindable</Filter>
    </ClInclude>
    <ClInclude Include="Source\Public\Bindable\BindableBase.h">
      <Filter>Source\Public\Bindable</Filter>
    </ClInclude>
    <ClInclude Include="Source\Public\Bindable\ConstantBuffers.h">
      <Filter>Source\Public\Bindable</Filter>
    </ClInclude>
    <ClInclude Include="Source\Public\Drawable\Drawable.h">
      <Filter>Source\Public\Drawable</Filter>
    </ClInclude>
  </ItemGroup>
  <ItemGroup>
    <ResourceCompile Include="LearnDirectX121.rc">
      <Filter>Resources</Filter>
    </ResourceCompile>
  </ItemGroup>
  <ItemGroup>
    <Image Include="phoenix_icon.ico">
      <Filter>Resources</Filter>
    </Image>
  </ItemGroup>
  <ItemGroup>
    <FxCompile Include="VertexShader.hlsl">
      <Filter>Source\Shader</Filter>
    </FxCompile>
    <FxCompile Include="PixelShader.hlsl">
      <Filter>Source\Shader</Filter>
    </FxCompile>
  </ItemGroup>
</Project>